
Microsoft Visual Studio Solution File, Format Version 12.00
# Visual Studio 15
VisualStudioVersion = 15.0.27428.2037
MinimumVisualStudioVersion = 10.0.40219.1
Project("{F2A71F9B-5D33-465A-A702-920D77279786}") = "ForgeGenerate", "ForgeGenerate\ForgeGenerate.fsproj", "{6E480290-FB5A-425A-AB35-AAF2E20727BB}"
EndProject
Global
	GlobalSection(SolutionConfigurationPlatforms) = preSolution
		Debug|Any CPU = Debug|Any CPU
		Release|Any CPU = Release|Any CPU
	EndGlobalSection
	GlobalSection(ProjectConfigurationPlatforms) = postSolution
		{6E480290-FB5A-425A-AB35-AAF2E20727BB}.Debug|Any CPU.ActiveCfg = Debug|Any CPU
		{6E480290-FB5A-425A-AB35-AAF2E20727BB}.Debug|Any CPU.Build.0 = Debug|Any CPU
		{6E480290-FB5A-425A-AB35-AAF2E20727BB}.Release|Any CPU.ActiveCfg = Release|Any CPU
		{6E480290-FB5A-425A-AB35-AAF2E20727BB}.Release|Any CPU.Build.0 = Release|Any CPU
	EndGlobalSection
	GlobalSection(SolutionProperties) = preSolution
		HideSolutionNode = FALSE
	EndGlobalSection
	GlobalSection(ExtensibilityGlobals) = postSolution
		SolutionGuid = {C8C95CC3-A2F5-4245-84B6-800535445F72}
	EndGlobalSection
EndGlobal
