
Microsoft Visual Studio Solution File, Format Version 12.00
# Visual Studio 15
VisualStudioVersion = 15.0.27428.2037
MinimumVisualStudioVersion = 10.0.40219.1
Project("{F2A71F9B-5D33-465A-A702-920D77279786}") = "forgesharp", "forgesharp\forgesharp.fsproj", "{A160EE5A-D628-446E-8698-04B547EB136A}"
EndProject
Global
	GlobalSection(SolutionConfigurationPlatforms) = preSolution
		Debug|Any CPU = Debug|Any CPU
		Release|Any CPU = Release|Any CPU
	EndGlobalSection
	GlobalSection(ProjectConfigurationPlatforms) = postSolution
		{A160EE5A-D628-446E-8698-04B547EB136A}.Debug|Any CPU.ActiveCfg = Debug|Any CPU
		{A160EE5A-D628-446E-8698-04B547EB136A}.Debug|Any CPU.Build.0 = Debug|Any CPU
		{A160EE5A-D628-446E-8698-04B547EB136A}.Release|Any CPU.ActiveCfg = Release|Any CPU
		{A160EE5A-D628-446E-8698-04B547EB136A}.Release|Any CPU.Build.0 = Release|Any CPU
	EndGlobalSection
	GlobalSection(SolutionProperties) = preSolution
		HideSolutionNode = FALSE
	EndGlobalSection
	GlobalSection(ExtensibilityGlobals) = postSolution
		SolutionGuid = {32336009-BFF2-49F3-9C36-3F0E44416D1D}
	EndGlobalSection
EndGlobal
